
Microsoft Visual Studio Solution File, Format Version 12.00
# Visual Studio Version 17
VisualStudioVersion = 17.2.32519.379
MinimumVisualStudioVersion = 10.0.40219.1
Project("{FAE04EC0-301F-11D3-BF4B-00C04F79EFBC}") = "7DaysOfCode", "7DaysOfCode\7DaysOfCode.csproj", "{735C9812-1AD7-4C87-B523-822336E7D521}"
EndProject
Global
	GlobalSection(SolutionConfigurationPlatforms) = preSolution
		Debug|Any CPU = Debug|Any CPU
		Release|Any CPU = Release|Any CPU
	EndGlobalSection
	GlobalSection(ProjectConfigurationPlatforms) = postSolution
		{735C9812-1AD7-4C87-B523-822336E7D521}.Debug|Any CPU.ActiveCfg = Debug|Any CPU
		{735C9812-1AD7-4C87-B523-822336E7D521}.Debug|Any CPU.Build.0 = Debug|Any CPU
		{735C9812-1AD7-4C87-B523-822336E7D521}.Release|Any CPU.ActiveCfg = Release|Any CPU
		{735C9812-1AD7-4C87-B523-822336E7D521}.Release|Any CPU.Build.0 = Release|Any CPU
	EndGlobalSection
	GlobalSection(SolutionProperties) = preSolution
		HideSolutionNode = FALSE
	EndGlobalSection
	GlobalSection(ExtensibilityGlobals) = postSolution
		SolutionGuid = {E6D0C8BB-3394-4A42-8CD0-5A9B58B6A9E5}
	EndGlobalSection
EndGlobal
